
Microsoft Visual Studio Solution File, Format Version 12.00
# Visual Studio Version 17
VisualStudioVersion = 17.6.33829.357
MinimumVisualStudioVersion = 10.0.40219.1
Project("{FAE04EC0-301F-11D3-BF4B-00C04F79EFBC}") = "ProgamaçãoOrientadaAObjeto", "ProgamaçãoOrientadaAObjeto\ProgamaçãoOrientadaAObjeto.csproj", "{27C5B7FE-B1CA-49CC-9EAF-4F5029993378}"
EndProject
Global
	GlobalSection(SolutionConfigurationPlatforms) = preSolution
		Debug|Any CPU = Debug|Any CPU
		Release|Any CPU = Release|Any CPU
	EndGlobalSection
	GlobalSection(ProjectConfigurationPlatforms) = postSolution
		{27C5B7FE-B1CA-49CC-9EAF-4F5029993378}.Debug|Any CPU.ActiveCfg = Debug|Any CPU
		{27C5B7FE-B1CA-49CC-9EAF-4F5029993378}.Debug|Any CPU.Build.0 = Debug|Any CPU
		{27C5B7FE-B1CA-49CC-9EAF-4F5029993378}.Release|Any CPU.ActiveCfg = Release|Any CPU
		{27C5B7FE-B1CA-49CC-9EAF-4F5029993378}.Release|Any CPU.Build.0 = Release|Any CPU
	EndGlobalSection
	GlobalSection(SolutionProperties) = preSolution
		HideSolutionNode = FALSE
	EndGlobalSection
	GlobalSection(ExtensibilityGlobals) = postSolution
		SolutionGuid = {F1EB5A8A-8FA4-4733-8443-1E1E89AB94ED}
	EndGlobalSection
EndGlobal
