
Microsoft Visual Studio Solution File, Format Version 12.00
# Visual Studio Version 17
VisualStudioVersion = 17.6.33829.357
MinimumVisualStudioVersion = 10.0.40219.1
Project("{FAE04EC0-301F-11D3-BF4B-00C04F79EFBC}") = "Encapsulamento", "Encapsulamento\Encapsulamento.csproj", "{657EE3DA-07DA-4569-AD55-E060D4A40352}"
EndProject
Global
	GlobalSection(SolutionConfigurationPlatforms) = preSolution
		Debug|Any CPU = Debug|Any CPU
		Release|Any CPU = Release|Any CPU
	EndGlobalSection
	GlobalSection(ProjectConfigurationPlatforms) = postSolution
		{657EE3DA-07DA-4569-AD55-E060D4A40352}.Debug|Any CPU.ActiveCfg = Debug|Any CPU
		{657EE3DA-07DA-4569-AD55-E060D4A40352}.Debug|Any CPU.Build.0 = Debug|Any CPU
		{657EE3DA-07DA-4569-AD55-E060D4A40352}.Release|Any CPU.ActiveCfg = Release|Any CPU
		{657EE3DA-07DA-4569-AD55-E060D4A40352}.Release|Any CPU.Build.0 = Release|Any CPU
	EndGlobalSection
	GlobalSection(SolutionProperties) = preSolution
		HideSolutionNode = FALSE
	EndGlobalSection
	GlobalSection(ExtensibilityGlobals) = postSolution
		SolutionGuid = {47979CB5-CE91-4997-B156-38930F034F8A}
	EndGlobalSection
EndGlobal
